<?xml version="1.0" encoding="utf-8"?>
<Project ToolsVersion="4.0" xmlns="http://schemas.microsoft.com/developer/msbuild/2003">
  <ItemGroup>
    <Filter Include="Source Files">
      <UniqueIdentifier>{4FC737F1-C7A5-4376-A066-2A32D752A2FF}</UniqueIdentifier>
      <Extensions>cpp;c;cc;cxx;def;odl;idl;hpj;bat;asm;asmx</Extensions>
    </Filter>
    <Filter Include="Header Files">
      <UniqueIdentifier>{93995380-89BD-4b04-88EB-625FBE52EBFB}</UniqueIdentifier>
      <Extensions>h;hpp;hxx;hm;inl;inc;xsd</Extensions>
    </Filter>
    <Filter Include="Driver Files">
      <UniqueIdentifier>{8E41214B-6785-4CFE-B992-037D68949A14}</UniqueIdentifier>
      <Extensions>inf;inv;inx;mof;mc;</Extensions>
    </Filter>
    <Filter Include="string">
      <UniqueIdentifier>{902b79dd-b792-4aa7-9761-68aa478b23d2}</UniqueIdentifier>
    </Filter>
    <Filter Include="Global">
      <UniqueIdentifier>{d044cce1-f716-47be-95f4-c0307c26e969}</UniqueIdentifier>
    </Filter>
    <Filter Include="vector">
      <UniqueIdentifier>{59622197-0102-4523-926f-4a8302f9d870}</UniqueIdentifier>
    </Filter>
    <Filter Include="algorithm">
      <UniqueIdentifier>{0a366bf3-6aaa-4cca-805a-aca7bfb1dfce}</UniqueIdentifier>
    </Filter>
    <Filter Include="list">
      <UniqueIdentifier>{51293e63-318e-48c6-b28a-809822e65358}</UniqueIdentifier>
    </Filter>
    <Filter Include="hashmap">
      <UniqueIdentifier>{6df19fba-1eeb-431f-ad3f-bc244e6b3a46}</UniqueIdentifier>
    </Filter>
    <Filter Include="type_traits">
      <UniqueIdentifier>{87e25188-bca5-407e-9284-deae3e3f4f16}</UniqueIdentifier>
    </Filter>
  </ItemGroup>
  <ItemGroup>
    <Inf Include="KernelModeSTL.inf">
      <Filter>Driver Files</Filter>
    </Inf>
  </ItemGroup>
  <ItemGroup>
    <ClCompile Include="main.cpp">
      <Filter>Source Files</Filter>
    </ClCompile>
    <ClCompile Include="include\global.cpp">
      <Filter>Global</Filter>
    </ClCompile>
    <ClCompile Include="include\initsect.cpp">
      <Filter>Global</Filter>
    </ClCompile>
    <ClCompile Include="include\string.cpp">
      <Filter>string</Filter>
    </ClCompile>
    <ClCompile Include="include\vector.cpp">
      <Filter>vector</Filter>
    </ClCompile>
    <ClCompile Include="include\list.cpp">
      <Filter>list</Filter>
    </ClCompile>
    <ClCompile Include="include\hash_map.cpp">
      <Filter>hashmap</Filter>
    </ClCompile>
    <ClCompile Include="include\hashtable.cpp">
      <Filter>hashmap</Filter>
    </ClCompile>
  </ItemGroup>
  <ItemGroup>
    <ClInclude Include="include\global.hpp">
      <Filter>Global</Filter>
    </ClInclude>
    <ClInclude Include="example.hpp">
      <Filter>Header Files</Filter>
    </ClInclude>
    <ClInclude Include="include\sect_attribs.h">
      <Filter>Global</Filter>
    </ClInclude>
    <ClInclude Include="include\string.hpp">
      <Filter>string</Filter>
    </ClInclude>
    <ClInclude Include="include\type_traits.hpp">
      <Filter>type_traits</Filter>
    </ClInclude>
    <ClInclude Include="include\vector.hpp">
      <Filter>vector</Filter>
    </ClInclude>
    <ClInclude Include="include\algorithm.hpp">
      <Filter>algorithm</Filter>
    </ClInclude>
    <ClInclude Include="include\list.hpp">
      <Filter>list</Filter>
    </ClInclude>
    <ClInclude Include="include\stdafx.h">
      <Filter>Header Files</Filter>
    </ClInclude>
    <ClInclude Include="include\hash_map.hpp">
      <Filter>hashmap</Filter>
    </ClInclude>
    <ClInclude Include="include\hashtable.hpp">
      <Filter>hashmap</Filter>
    </ClInclude>
    <ClInclude Include="functional.hpp">
      <Filter>algorithm</Filter>
    </ClInclude>
  </ItemGroup>
</Project>